
Microsoft Visual Studio Solution File, Format Version 12.00
# Visual Studio Version 17
VisualStudioVersion = 17.1.32228.430
MinimumVisualStudioVersion = 10.0.40219.1
Project("{8BC9CEB8-8B4A-11D0-8D11-00A0C91BC942}") = "PlayMP3", "PlayMP3.vcxproj", "{FC25A010-7C80-423D-95EF-147912293762}"
EndProject
Global
	GlobalSection(SolutionConfigurationPlatforms) = preSolution
		Debug|x64 = Debug|x64
		Debug|x86 = Debug|x86
		Release|x64 = Release|x64
		Release|x86 = Release|x86
	EndGlobalSection
	GlobalSection(ProjectConfigurationPlatforms) = postSolution
		{FC25A010-7C80-423D-95EF-147912293762}.Debug|x64.ActiveCfg = Debug|x64
		{FC25A010-7C80-423D-95EF-147912293762}.Debug|x64.Build.0 = Debug|x64
		{FC25A010-7C80-423D-95EF-147912293762}.Debug|x86.ActiveCfg = Debug|Win32
		{FC25A010-7C80-423D-95EF-147912293762}.Debug|x86.Build.0 = Debug|Win32
		{FC25A010-7C80-423D-95EF-147912293762}.Release|x64.ActiveCfg = Release|x64
		{FC25A010-7C80-423D-95EF-147912293762}.Release|x64.Build.0 = Release|x64
		{FC25A010-7C80-423D-95EF-147912293762}.Release|x86.ActiveCfg = Release|Win32
		{FC25A010-7C80-423D-95EF-147912293762}.Release|x86.Build.0 = Release|Win32
	EndGlobalSection
	GlobalSection(SolutionProperties) = preSolution
		HideSolutionNode = FALSE
	EndGlobalSection
	GlobalSection(ExtensibilityGlobals) = postSolution
		SolutionGuid = {9451D959-07E9-424E-B490-34ED76242BF1}
	EndGlobalSection
EndGlobal
